
Microsoft Visual Studio Solution File, Format Version 12.00
# Visual Studio Version 17
VisualStudioVersion = 17.3.32901.215
MinimumVisualStudioVersion = 10.0.40219.1
Project("{FAE04EC0-301F-11D3-BF4B-00C04F79EFBC}") = "Project", "Project.csproj", "{17B68901-9AAC-4327-9635-86DA5C187CDE}"
EndProject
Global
	GlobalSection(SolutionConfigurationPlatforms) = preSolution
		Debug|Any CPU = Debug|Any CPU
		Release|Any CPU = Release|Any CPU
	EndGlobalSection
	GlobalSection(ProjectConfigurationPlatforms) = postSolution
		{17B68901-9AAC-4327-9635-86DA5C187CDE}.Debug|Any CPU.ActiveCfg = Debug|Any CPU
		{17B68901-9AAC-4327-9635-86DA5C187CDE}.Debug|Any CPU.Build.0 = Debug|Any CPU
		{17B68901-9AAC-4327-9635-86DA5C187CDE}.Release|Any CPU.ActiveCfg = Release|Any CPU
		{17B68901-9AAC-4327-9635-86DA5C187CDE}.Release|Any CPU.Build.0 = Release|Any CPU
	EndGlobalSection
	GlobalSection(SolutionProperties) = preSolution
		HideSolutionNode = FALSE
	EndGlobalSection
	GlobalSection(ExtensibilityGlobals) = postSolution
		SolutionGuid = {E2D27972-9F89-4EE5-BF4B-272DC9E9BEB0}
	EndGlobalSection
EndGlobal
